
Microsoft Visual Studio Solution File, Format Version 12.00
# Visual Studio Version 16
VisualStudioVersion = 16.0.30204.135
MinimumVisualStudioVersion = 10.0.40219.1
Project("{FAE04EC0-301F-11D3-BF4B-00C04F79EFBC}") = "DebuggingProject.Android", "DebuggingProject.Android\DebuggingProject.Android.csproj", "{465158A6-AC4F-427C-96EC-6307A87B7496}"
EndProject
Project("{FAE04EC0-301F-11D3-BF4B-00C04F79EFBC}") = "DebuggingProject", "DebuggingProject\DebuggingProject.csproj", "{B8D43E43-3AEB-496B-80CD-C16DC3501150}"
EndProject
Global
	GlobalSection(SolutionConfigurationPlatforms) = preSolution
		Debug|Any CPU = Debug|Any CPU
		Release|Any CPU = Release|Any CPU
	EndGlobalSection
	GlobalSection(ProjectConfigurationPlatforms) = postSolution
		{465158A6-AC4F-427C-96EC-6307A87B7496}.Debug|Any CPU.ActiveCfg = Debug|Any CPU
		{465158A6-AC4F-427C-96EC-6307A87B7496}.Debug|Any CPU.Build.0 = Debug|Any CPU
		{465158A6-AC4F-427C-96EC-6307A87B7496}.Debug|Any CPU.Deploy.0 = Debug|Any CPU
		{465158A6-AC4F-427C-96EC-6307A87B7496}.Release|Any CPU.ActiveCfg = Release|Any CPU
		{465158A6-AC4F-427C-96EC-6307A87B7496}.Release|Any CPU.Build.0 = Release|Any CPU
		{465158A6-AC4F-427C-96EC-6307A87B7496}.Release|Any CPU.Deploy.0 = Release|Any CPU
		{B8D43E43-3AEB-496B-80CD-C16DC3501150}.Debug|Any CPU.ActiveCfg = Debug|Any CPU
		{B8D43E43-3AEB-496B-80CD-C16DC3501150}.Debug|Any CPU.Build.0 = Debug|Any CPU
		{B8D43E43-3AEB-496B-80CD-C16DC3501150}.Debug|Any CPU.Deploy.0 = Debug|Any CPU
		{B8D43E43-3AEB-496B-80CD-C16DC3501150}.Release|Any CPU.ActiveCfg = Release|Any CPU
		{B8D43E43-3AEB-496B-80CD-C16DC3501150}.Release|Any CPU.Build.0 = Release|Any CPU
		{B8D43E43-3AEB-496B-80CD-C16DC3501150}.Release|Any CPU.Deploy.0 = Release|Any CPU
	EndGlobalSection
	GlobalSection(SolutionProperties) = preSolution
		HideSolutionNode = FALSE
	EndGlobalSection
	GlobalSection(ExtensibilityGlobals) = postSolution
		SolutionGuid = {0EA0778E-FBF4-4AEE-B574-EAB9CA2742D2}
	EndGlobalSection
EndGlobal
